// !$*UTF8*$!
{
	archiveVersion = 1;
	classes = {
	};
	objectVersion = 56;
	objects = {

/* Begin PBXBuildFile section */
		6AADC1E02CB2E0A900FEBEE7 /* RecipeAppApp.swift in Sources */ = {isa = PBXBuildFile; fileRef = 6AADC1DF2CB2E0A900FEBEE7 /* RecipeAppApp.swift */; };
		6AADC1E22CB2E0A900FEBEE7 /* ContentView.swift in Sources */ = {isa = PBXBuildFile; fileRef = 6AADC1E12CB2E0A900FEBEE7 /* ContentView.swift */; };
		6AADC1E42CB2E0AC00FEBEE7 /* Assets.xcassets in Resources */ = {isa = PBXBuildFile; fileRef = 6AADC1E32CB2E0AC00FEBEE7 /* Assets.xcassets */; };
		6AADC1E72CB2E0AC00FEBEE7 /* Preview Assets.xcassets in Resources */ = {isa = PBXBuildFile; fileRef = 6AADC1E62CB2E0AC00FEBEE7 /* Preview Assets.xcassets */; };
		6AADC1F12CB2E0AC00FEBEE7 /* RecipeAppTests.swift in Sources */ = {isa = PBXBuildFile; fileRef = 6AADC1F02CB2E0AC00FEBEE7 /* RecipeAppTests.swift */; };
		6AADC1FB2CB2E0AC00FEBEE7 /* RecipeAppUITests.swift in Sources */ = {isa = PBXBuildFile; fileRef = 6AADC1FA2CB2E0AC00FEBEE7 /* RecipeAppUITests.swift */; };
		6AADC1FD2CB2E0AC00FEBEE7 /* RecipeAppUITestsLaunchTests.swift in Sources */ = {isa = PBXBuildFile; fileRef = 6AADC1FC2CB2E0AC00FEBEE7 /* RecipeAppUITestsLaunchTests.swift */; };
		6AADC20B2CB2E0D900FEBEE7 /* Recipe.swift in Sources */ = {isa = PBXBuildFile; fileRef = 6AADC20A2CB2E0D900FEBEE7 /* Recipe.swift */; };
		6AADC20E2CB2E11E00FEBEE7 /* RecipeViewModel.swift in Sources */ = {isa = PBXBuildFile; fileRef = 6AADC20D2CB2E11E00FEBEE7 /* RecipeViewModel.swift */; };
		6AADC2112CB2E21D00FEBEE7 /* NetworkServiceProtocol.swift in Sources */ = {isa = PBXBuildFile; fileRef = 6AADC2102CB2E21C00FEBEE7 /* NetworkServiceProtocol.swift */; };
		6AADC2132CB2E23400FEBEE7 /* ServiceURLs.swift in Sources */ = {isa = PBXBuildFile; fileRef = 6AADC2122CB2E23400FEBEE7 /* ServiceURLs.swift */; };
		6AADC2152CB2E25100FEBEE7 /* NetworkService.swift in Sources */ = {isa = PBXBuildFile; fileRef = 6AADC2142CB2E25100FEBEE7 /* NetworkService.swift */; };
		6AADC2172CB2E28000FEBEE7 /* RecipeRepository.swift in Sources */ = {isa = PBXBuildFile; fileRef = 6AADC2162CB2E28000FEBEE7 /* RecipeRepository.swift */; };
/* End PBXBuildFile section */

/* Begin PBXContainerItemProxy section */
		6AADC1ED2CB2E0AC00FEBEE7 /* PBXContainerItemProxy */ = {
			isa = PBXContainerItemProxy;
			containerPortal = 6AADC1D42CB2E0A900FEBEE7 /* Project object */;
			proxyType = 1;
			remoteGlobalIDString = 6AADC1DB2CB2E0A900FEBEE7;
			remoteInfo = RecipeApp;
		};
		6AADC1F72CB2E0AC00FEBEE7 /* PBXContainerItemProxy */ = {
			isa = PBXContainerItemProxy;
			containerPortal = 6AADC1D42CB2E0A900FEBEE7 /* Project object */;
			proxyType = 1;
			remoteGlobalIDString = 6AADC1DB2CB2E0A900FEBEE7;
			remoteInfo = RecipeApp;
		};
/* End PBXContainerItemProxy section */

/* Begin PBXFileReference section */
		6AADC1DC2CB2E0A900FEBEE7 /* RecipeApp.app */ = {isa = PBXFileReference; explicitFileType = wrapper.application; includeInIndex = 0; path = RecipeApp.app; sourceTree = BUILT_PRODUCTS_DIR; };
		6AADC1DF2CB2E0A900FEBEE7 /* RecipeAppApp.swift */ = {isa = PBXFileReference; lastKnownFileType = sourcecode.swift; path = RecipeAppApp.swift; sourceTree = "<group>"; };
		6AADC1E12CB2E0A900FEBEE7 /* ContentView.swift */ = {isa = PBXFileReference; lastKnownFileType = sourcecode.swift; path = ContentView.swift; sourceTree = "<group>"; };
		6AADC1E32CB2E0AC00FEBEE7 /* Assets.xcassets */ = {isa = PBXFileReference; lastKnownFileType = folder.assetcatalog; path = Assets.xcassets; sourceTree = "<group>"; };
		6AADC1E62CB2E0AC00FEBEE7 /* Preview Assets.xcassets */ = {isa = PBXFileReference; lastKnownFileType = folder.assetcatalog; path = "Preview Assets.xcassets"; sourceTree = "<group>"; };
		6AADC1EC2CB2E0AC00FEBEE7 /* RecipeAppTests.xctest */ = {isa = PBXFileReference; explicitFileType = wrapper.cfbundle; includeInIndex = 0; path = RecipeAppTests.xctest; sourceTree = BUILT_PRODUCTS_DIR; };
		6AADC1F02CB2E0AC00FEBEE7 /* RecipeAppTests.swift */ = {isa = PBXFileReference; lastKnownFileType = sourcecode.swift; path = RecipeAppTests.swift; sourceTree = "<group>"; };
		6AADC1F62CB2E0AC00FEBEE7 /* RecipeAppUITests.xctest */ = {isa = PBXFileReference; explicitFileType = wrapper.cfbundle; includeInIndex = 0; path = RecipeAppUITests.xctest; sourceTree = BUILT_PRODUCTS_DIR; };
		6AADC1FA2CB2E0AC00FEBEE7 /* RecipeAppUITests.swift */ = {isa = PBXFileReference; lastKnownFileType = sourcecode.swift; path = RecipeAppUITests.swift; sourceTree = "<group>"; };
		6AADC1FC2CB2E0AC00FEBEE7 /* RecipeAppUITestsLaunchTests.swift */ = {isa = PBXFileReference; lastKnownFileType = sourcecode.swift; path = RecipeAppUITestsLaunchTests.swift; sourceTree = "<group>"; };
		6AADC20A2CB2E0D900FEBEE7 /* Recipe.swift */ = {isa = PBXFileReference; lastKnownFileType = sourcecode.swift; path = Recipe.swift; sourceTree = "<group>"; };
		6AADC20D2CB2E11E00FEBEE7 /* RecipeViewModel.swift */ = {isa = PBXFileReference; lastKnownFileType = sourcecode.swift; path = RecipeViewModel.swift; sourceTree = "<group>"; };
		6AADC2102CB2E21C00FEBEE7 /* NetworkServiceProtocol.swift */ = {isa = PBXFileReference; lastKnownFileType = sourcecode.swift; path = NetworkServiceProtocol.swift; sourceTree = "<group>"; };
		6AADC2122CB2E23400FEBEE7 /* ServiceURLs.swift */ = {isa = PBXFileReference; lastKnownFileType = sourcecode.swift; path = ServiceURLs.swift; sourceTree = "<group>"; };
		6AADC2142CB2E25100FEBEE7 /* NetworkService.swift */ = {isa = PBXFileReference; lastKnownFileType = sourcecode.swift; path = NetworkService.swift; sourceTree = "<group>"; };
		6AADC2162CB2E28000FEBEE7 /* RecipeRepository.swift */ = {isa = PBXFileReference; lastKnownFileType = sourcecode.swift; path = RecipeRepository.swift; sourceTree = "<group>"; };
/* End PBXFileReference section */

/* Begin PBXFrameworksBuildPhase section */
		6AADC1D92CB2E0A900FEBEE7 /* Frameworks */ = {
			isa = PBXFrameworksBuildPhase;
			buildActionMask = 2147483647;
			files = (
			);
			runOnlyForDeploymentPostprocessing = 0;
		};
		6AADC1E92CB2E0AC00FEBEE7 /* Frameworks */ = {
			isa = PBXFrameworksBuildPhase;
			buildActionMask = 2147483647;
			files = (
			);
			runOnlyForDeploymentPostprocessing = 0;
		};
		6AADC1F32CB2E0AC00FEBEE7 /* Frameworks */ = {
			isa = PBXFrameworksBuildPhase;
			buildActionMask = 2147483647;
			files = (
			);
			runOnlyForDeploymentPostprocessing = 0;
		};
/* End PBXFrameworksBuildPhase section */

/* Begin PBXGroup section */
		6AADC1D32CB2E0A900FEBEE7 = {
			isa = PBXGroup;
			children = (
				6AADC1DE2CB2E0A900FEBEE7 /* RecipeApp */,
				6AADC1EF2CB2E0AC00FEBEE7 /* RecipeAppTests */,
				6AADC1F92CB2E0AC00FEBEE7 /* RecipeAppUITests */,
				6AADC1DD2CB2E0A900FEBEE7 /* Products */,
			);
			sourceTree = "<group>";
		};
		6AADC1DD2CB2E0A900FEBEE7 /* Products */ = {
			isa = PBXGroup;
			children = (
				6AADC1DC2CB2E0A900FEBEE7 /* RecipeApp.app */,
				6AADC1EC2CB2E0AC00FEBEE7 /* RecipeAppTests.xctest */,
				6AADC1F62CB2E0AC00FEBEE7 /* RecipeAppUITests.xctest */,
			);
			name = Products;
			sourceTree = "<group>";
		};
		6AADC1DE2CB2E0A900FEBEE7 /* RecipeApp */ = {
			isa = PBXGroup;
			children = (
				6AADC20F2CB2E1F300FEBEE7 /* Network */,
				6AADC20C2CB2E10D00FEBEE7 /* ViewModel */,
				6AADC2092CB2E0C300FEBEE7 /* Model */,
				6AADC1DF2CB2E0A900FEBEE7 /* RecipeAppApp.swift */,
				6AADC1E12CB2E0A900FEBEE7 /* ContentView.swift */,
				6AADC1E32CB2E0AC00FEBEE7 /* Assets.xcassets */,
				6AADC1E52CB2E0AC00FEBEE7 /* Preview Content */,
			);
			path = RecipeApp;
			sourceTree = "<group>";
		};
		6AADC1E52CB2E0AC00FEBEE7 /* Preview Content */ = {
			isa = PBXGroup;
			children = (
				6AADC1E62CB2E0AC00FEBEE7 /* Preview Assets.xcassets */,
			);
			path = "Preview Content";
			sourceTree = "<group>";
		};
		6AADC1EF2CB2E0AC00FEBEE7 /* RecipeAppTests */ = {
			isa = PBXGroup;
			children = (
				6AADC1F02CB2E0AC00FEBEE7 /* RecipeAppTests.swift */,
			);
			path = RecipeAppTests;
			sourceTree = "<group>";
		};
		6AADC1F92CB2E0AC00FEBEE7 /* RecipeAppUITests */ = {
			isa = PBXGroup;
			children = (
				6AADC1FA2CB2E0AC00FEBEE7 /* RecipeAppUITests.swift */,
				6AADC1FC2CB2E0AC00FEBEE7 /* RecipeAppUITestsLaunchTests.swift */,
			);
			path = RecipeAppUITests;
			sourceTree = "<group>";
		};
		6AADC2092CB2E0C300FEBEE7 /* Model */ = {
			isa = PBXGroup;
			children = (
				6AADC20A2CB2E0D900FEBEE7 /* Recipe.swift */,
			);
			path = Model;
			sourceTree = "<group>";
		};
		6AADC20C2CB2E10D00FEBEE7 /* ViewModel */ = {
			isa = PBXGroup;
			children = (
				6AADC20D2CB2E11E00FEBEE7 /* RecipeViewModel.swift */,
			);
			path = ViewModel;
			sourceTree = "<group>";
		};
		6AADC20F2CB2E1F300FEBEE7 /* Network */ = {
			isa = PBXGroup;
			children = (
				6AADC2102CB2E21C00FEBEE7 /* NetworkServiceProtocol.swift */,
				6AADC2122CB2E23400FEBEE7 /* ServiceURLs.swift */,
				6AADC2142CB2E25100FEBEE7 /* NetworkService.swift */,
				6AADC2162CB2E28000FEBEE7 /* RecipeRepository.swift */,
			);
			path = Network;
			sourceTree = "<group>";
		};
/* End PBXGroup section */

/* Begin PBXNativeTarget section */
		6AADC1DB2CB2E0A900FEBEE7 /* RecipeApp */ = {
			isa = PBXNativeTarget;
			buildConfigurationList = 6AADC2002CB2E0AC00FEBEE7 /* Build configuration list for PBXNativeTarget "RecipeApp" */;
			buildPhases = (
				6AADC1D82CB2E0A900FEBEE7 /* Sources */,
				6AADC1D92CB2E0A900FEBEE7 /* Frameworks */,
				6AADC1DA2CB2E0A900FEBEE7 /* Resources */,
			);
			buildRules = (
			);
			dependencies = (
			);
			name = RecipeApp;
			productName = RecipeApp;
			productReference = 6AADC1DC2CB2E0A900FEBEE7 /* RecipeApp.app */;
			productType = "com.apple.product-type.application";
		};
		6AADC1EB2CB2E0AC00FEBEE7 /* RecipeAppTests */ = {
			isa = PBXNativeTarget;
			buildConfigurationList = 6AADC2032CB2E0AC00FEBEE7 /* Build configuration list for PBXNativeTarget "RecipeAppTests" */;
			buildPhases = (
				6AADC1E82CB2E0AC00FEBEE7 /* Sources */,
				6AADC1E92CB2E0AC00FEBEE7 /* Frameworks */,
				6AADC1EA2CB2E0AC00FEBEE7 /* Resources */,
			);
			buildRules = (
			);
			dependencies = (
				6AADC1EE2CB2E0AC00FEBEE7 /* PBXTargetDependency */,
			);
			name = RecipeAppTests;
			productName = RecipeAppTests;
			productReference = 6AADC1EC2CB2E0AC00FEBEE7 /* RecipeAppTests.xctest */;
			productType = "com.apple.product-type.bundle.unit-test";
		};
		6AADC1F52CB2E0AC00FEBEE7 /* RecipeAppUITests */ = {
			isa = PBXNativeTarget;
			buildConfigurationList = 6AADC2062CB2E0AC00FEBEE7 /* Build configuration list for PBXNativeTarget "RecipeAppUITests" */;
			buildPhases = (
				6AADC1F22CB2E0AC00FEBEE7 /* Sources */,
				6AADC1F32CB2E0AC00FEBEE7 /* Frameworks */,
				6AADC1F42CB2E0AC00FEBEE7 /* Resources */,
			);
			buildRules = (
			);
			dependencies = (
				6AADC1F82CB2E0AC00FEBEE7 /* PBXTargetDependency */,
			);
			name = RecipeAppUITests;
			productName = RecipeAppUITests;
			productReference = 6AADC1F62CB2E0AC00FEBEE7 /* RecipeAppUITests.xctest */;
			productType = "com.apple.product-type.bundle.ui-testing";
		};
/* End PBXNativeTarget section */

/* Begin PBXProject section */
		6AADC1D42CB2E0A900FEBEE7 /* Project object */ = {
			isa = PBXProject;
			attributes = {
				BuildIndependentTargetsInParallel = 1;
				LastSwiftUpdateCheck = 1500;
				LastUpgradeCheck = 1500;
				TargetAttributes = {
					6AADC1DB2CB2E0A900FEBEE7 = {
						CreatedOnToolsVersion = 15.0.1;
					};
					6AADC1EB2CB2E0AC00FEBEE7 = {
						CreatedOnToolsVersion = 15.0.1;
						TestTargetID = 6AADC1DB2CB2E0A900FEBEE7;
					};
					6AADC1F52CB2E0AC00FEBEE7 = {
						CreatedOnToolsVersion = 15.0.1;
						TestTargetID = 6AADC1DB2CB2E0A900FEBEE7;
					};
				};
			};
			buildConfigurationList = 6AADC1D72CB2E0A900FEBEE7 /* Build configuration list for PBXProject "RecipeApp" */;
			compatibilityVersion = "Xcode 14.0";
			developmentRegion = en;
			hasScannedForEncodings = 0;
			knownRegions = (
				en,
				Base,
			);
			mainGroup = 6AADC1D32CB2E0A900FEBEE7;
			productRefGroup = 6AADC1DD2CB2E0A900FEBEE7 /* Products */;
			projectDirPath = "";
			projectRoot = "";
			targets = (
				6AADC1DB2CB2E0A900FEBEE7 /* RecipeApp */,
				6AADC1EB2CB2E0AC00FEBEE7 /* RecipeAppTests */,
				6AADC1F52CB2E0AC00FEBEE7 /* RecipeAppUITests */,
			);
		};
/* End PBXProject section */

/* Begin PBXResourcesBuildPhase section */
		6AADC1DA2CB2E0A900FEBEE7 /* Resources */ = {
			isa = PBXResourcesBuildPhase;
			buildActionMask = 2147483647;
			files = (
				6AADC1E72CB2E0AC00FEBEE7 /* Preview Assets.xcassets in Resources */,
				6AADC1E42CB2E0AC00FEBEE7 /* Assets.xcassets in Resources */,
			);
			runOnlyForDeploymentPostprocessing = 0;
		};
		6AADC1EA2CB2E0AC00FEBEE7 /* Resources */ = {
			isa = PBXResourcesBuildPhase;
			buildActionMask = 2147483647;
			files = (
			);
			runOnlyForDeploymentPostprocessing = 0;
		};
		6AADC1F42CB2E0AC00FEBEE7 /* Resources */ = {
			isa = PBXResourcesBuildPhase;
			buildActionMask = 2147483647;
			files = (
			);
			runOnlyForDeploymentPostprocessing = 0;
		};
/* End PBXResourcesBuildPhase section */

/* Begin PBXSourcesBuildPhase section */
		6AADC1D82CB2E0A900FEBEE7 /* Sources */ = {
			isa = PBXSourcesBuildPhase;
			buildActionMask = 2147483647;
			files = (
				6AADC20E2CB2E11E00FEBEE7 /* RecipeViewModel.swift in Sources */,
				6AADC2172CB2E28000FEBEE7 /* RecipeRepository.swift in Sources */,
				6AADC20B2CB2E0D900FEBEE7 /* Recipe.swift in Sources */,
				6AADC1E22CB2E0A900FEBEE7 /* ContentView.swift in Sources */,
				6AADC2132CB2E23400FEBEE7 /* ServiceURLs.swift in Sources */,
				6AADC1E02CB2E0A900FEBEE7 /* RecipeAppApp.swift in Sources */,
				6AADC2112CB2E21D00FEBEE7 /* NetworkServiceProtocol.swift in Sources */,
				6AADC2152CB2E25100FEBEE7 /* NetworkService.swift in Sources */,
			);
			runOnlyForDeploymentPostprocessing = 0;
		};
		6AADC1E82CB2E0AC00FEBEE7 /* Sources */ = {
			isa = PBXSourcesBuildPhase;
			buildActionMask = 2147483647;
			files = (
				6AADC1F12CB2E0AC00FEBEE7 /* RecipeAppTests.swift in Sources */,
			);
			runOnlyForDeploymentPostprocessing = 0;
		};
		6AADC1F22CB2E0AC00FEBEE7 /* Sources */ = {
			isa = PBXSourcesBuildPhase;
			buildActionMask = 2147483647;
			files = (
				6AADC1FD2CB2E0AC00FEBEE7 /* RecipeAppUITestsLaunchTests.swift in Sources */,
				6AADC1FB2CB2E0AC00FEBEE7 /* RecipeAppUITests.swift in Sources */,
			);
			runOnlyForDeploymentPostprocessing = 0;
		};
/* End PBXSourcesBuildPhase section */

/* Begin PBXTargetDependency section */
		6AADC1EE2CB2E0AC00FEBEE7 /* PBXTargetDependency */ = {
			isa = PBXTargetDependency;
			target = 6AADC1DB2CB2E0A900FEBEE7 /* RecipeApp */;
			targetProxy = 6AADC1ED2CB2E0AC00FEBEE7 /* PBXContainerItemProxy */;
		};
		6AADC1F82CB2E0AC00FEBEE7 /* PBXTargetDependency */ = {
			isa = PBXTargetDependency;
			target = 6AADC1DB2CB2E0A900FEBEE7 /* RecipeApp */;
			targetProxy = 6AADC1F72CB2E0AC00FEBEE7 /* PBXContainerItemProxy */;
		};
/* End PBXTargetDependency section */

/* Begin XCBuildConfiguration section */
		6AADC1FE2CB2E0AC00FEBEE7 /* Debug */ = {
			isa = XCBuildConfiguration;
			buildSettings = {
				ALWAYS_SEARCH_USER_PATHS = NO;
				ASSETCATALOG_COMPILER_GENERATE_SWIFT_ASSET_SYMBOL_EXTENSIONS = YES;
				CLANG_ANALYZER_NONNULL = YES;
				CLANG_ANALYZER_NUMBER_OBJECT_CONVERSION = YES_AGGRESSIVE;
				CLANG_CXX_LANGUAGE_STANDARD = "gnu++20";
				CLANG_ENABLE_MODULES = YES;
				CLANG_ENABLE_OBJC_ARC = YES;
				CLANG_ENABLE_OBJC_WEAK = YES;
				CLANG_WARN_BLOCK_CAPTURE_AUTORELEASING = YES;
				CLANG_WARN_BOOL_CONVERSION = YES;
				CLANG_WARN_COMMA = YES;
				CLANG_WARN_CONSTANT_CONVERSION = YES;
				CLANG_WARN_DEPRECATED_OBJC_IMPLEMENTATIONS = YES;
				CLANG_WARN_DIRECT_OBJC_ISA_USAGE = YES_ERROR;
				CLANG_WARN_DOCUMENTATION_COMMENTS = YES;
				CLANG_WARN_EMPTY_BODY = YES;
				CLANG_WARN_ENUM_CONVERSION = YES;
				CLANG_WARN_INFINITE_RECURSION = YES;
				CLANG_WARN_INT_CONVERSION = YES;
				CLANG_WARN_NON_LITERAL_NULL_CONVERSION = YES;
				CLANG_WARN_OBJC_IMPLICIT_RETAIN_SELF = YES;
				CLANG_WARN_OBJC_LITERAL_CONVERSION = YES;
				CLANG_WARN_OBJC_ROOT_CLASS = YES_ERROR;
				CLANG_WARN_QUOTED_INCLUDE_IN_FRAMEWORK_HEADER = YES;
				CLANG_WARN_RANGE_LOOP_ANALYSIS = YES;
				CLANG_WARN_STRICT_PROTOTYPES = YES;
				CLANG_WARN_SUSPICIOUS_MOVE = YES;
				CLANG_WARN_UNGUARDED_AVAILABILITY = YES_AGGRESSIVE;
				CLANG_WARN_UNREACHABLE_CODE = YES;
				CLANG_WARN__DUPLICATE_METHOD_MATCH = YES;
				COPY_PHASE_STRIP = NO;
				DEBUG_INFORMATION_FORMAT = dwarf;
				ENABLE_STRICT_OBJC_MSGSEND = YES;
				ENABLE_TESTABILITY = YES;
				ENABLE_USER_SCRIPT_SANDBOXING = YES;
				GCC_C_LANGUAGE_STANDARD = gnu17;
				GCC_DYNAMIC_NO_PIC = NO;
				GCC_NO_COMMON_BLOCKS = YES;
				GCC_OPTIMIZATION_LEVEL = 0;
				GCC_PREPROCESSOR_DEFINITIONS = (
					"DEBUG=1",
					"$(inherited)",
				);
				GCC_WARN_64_TO_32_BIT_CONVERSION = YES;
				GCC_WARN_ABOUT_RETURN_TYPE = YES_ERROR;
				GCC_WARN_UNDECLARED_SELECTOR = YES;
				GCC_WARN_UNINITIALIZED_AUTOS = YES_AGGRESSIVE;
				GCC_WARN_UNUSED_FUNCTION = YES;
				GCC_WARN_UNUSED_VARIABLE = YES;
				IPHONEOS_DEPLOYMENT_TARGET = 17.0;
				LOCALIZATION_PREFERS_STRING_CATALOGS = YES;
				MTL_ENABLE_DEBUG_INFO = INCLUDE_SOURCE;
				MTL_FAST_MATH = YES;
				ONLY_ACTIVE_ARCH = YES;
				SDKROOT = iphoneos;
				SWIFT_ACTIVE_COMPILATION_CONDITIONS = "DEBUG $(inherited)";
				SWIFT_OPTIMIZATION_LEVEL = "-Onone";
			};
			name = Debug;
		};
		6AADC1FF2CB2E0AC00FEBEE7 /* Release */ = {
			isa = XCBuildConfiguration;
			buildSettings = {
				ALWAYS_SEARCH_USER_PATHS = NO;
				ASSETCATALOG_COMPILER_GENERATE_SWIFT_ASSET_SYMBOL_EXTENSIONS = YES;
				CLANG_ANALYZER_NONNULL = YES;
				CLANG_ANALYZER_NUMBER_OBJECT_CONVERSION = YES_AGGRESSIVE;
				CLANG_CXX_LANGUAGE_STANDARD = "gnu++20";
				CLANG_ENABLE_MODULES = YES;
				CLANG_ENABLE_OBJC_ARC = YES;
				CLANG_ENABLE_OBJC_WEAK = YES;
				CLANG_WARN_BLOCK_CAPTURE_AUTORELEASING = YES;
				CLANG_WARN_BOOL_CONVERSION = YES;
				CLANG_WARN_COMMA = YES;
				CLANG_WARN_CONSTANT_CONVERSION = YES;
				CLANG_WARN_DEPRECATED_OBJC_IMPLEMENTATIONS = YES;
				CLANG_WARN_DIRECT_OBJC_ISA_USAGE = YES_ERROR;
				CLANG_WARN_DOCUMENTATION_COMMENTS = YES;
				CLANG_WARN_EMPTY_BODY = YES;
				CLANG_WARN_ENUM_CONVERSION = YES;
				CLANG_WARN_INFINITE_RECURSION = YES;
				CLANG_WARN_INT_CONVERSION = YES;
				CLANG_WARN_NON_LITERAL_NULL_CONVERSION = YES;
				CLANG_WARN_OBJC_IMPLICIT_RETAIN_SELF = YES;
				CLANG_WARN_OBJC_LITERAL_CONVERSION = YES;
				CLANG_WARN_OBJC_ROOT_CLASS = YES_ERROR;
				CLANG_WARN_QUOTED_INCLUDE_IN_FRAMEWORK_HEADER = YES;
				CLANG_WARN_RANGE_LOOP_ANALYSIS = YES;
				CLANG_WARN_STRICT_PROTOTYPES = YES;
				CLANG_WARN_SUSPICIOUS_MOVE = YES;
				CLANG_WARN_UNGUARDED_AVAILABILITY = YES_AGGRESSIVE;
				CLANG_WARN_UNREACHABLE_CODE = YES;
				CLANG_WARN__DUPLICATE_METHOD_MATCH = YES;
				COPY_PHASE_STRIP = NO;
				DEBUG_INFORMATION_FORMAT = "dwarf-with-dsym";
				ENABLE_NS_ASSERTIONS = NO;
				ENABLE_STRICT_OBJC_MSGSEND = YES;
				ENABLE_USER_SCRIPT_SANDBOXING = YES;
				GCC_C_LANGUAGE_STANDARD = gnu17;
				GCC_NO_COMMON_BLOCKS = YES;
				GCC_WARN_64_TO_32_BIT_CONVERSION = YES;
				GCC_WARN_ABOUT_RETURN_TYPE = YES_ERROR;
				GCC_WARN_UNDECLARED_SELECTOR = YES;
				GCC_WARN_UNINITIALIZED_AUTOS = YES_AGGRESSIVE;
				GCC_WARN_UNUSED_FUNCTION = YES;
				GCC_WARN_UNUSED_VARIABLE = YES;
				IPHONEOS_DEPLOYMENT_TARGET = 17.0;
				LOCALIZATION_PREFERS_STRING_CATALOGS = YES;
				MTL_ENABLE_DEBUG_INFO = NO;
				MTL_FAST_MATH = YES;
				SDKROOT = iphoneos;
				SWIFT_COMPILATION_MODE = wholemodule;
				VALIDATE_PRODUCT = YES;
			};
			name = Release;
		};
		6AADC2012CB2E0AC00FEBEE7 /* Debug */ = {
			isa = XCBuildConfiguration;
			buildSettings = {
				ASSETCATALOG_COMPILER_APPICON_NAME = AppIcon;
				ASSETCATALOG_COMPILER_GLOBAL_ACCENT_COLOR_NAME = AccentColor;
				CODE_SIGN_STYLE = Automatic;
				CURRENT_PROJECT_VERSION = 1;
				DEVELOPMENT_ASSET_PATHS = "\"RecipeApp/Preview Content\"";
				ENABLE_PREVIEWS = YES;
				GENERATE_INFOPLIST_FILE = YES;
				INFOPLIST_KEY_UIApplicationSceneManifest_Generation = YES;
				INFOPLIST_KEY_UIApplicationSupportsIndirectInputEvents = YES;
				INFOPLIST_KEY_UILaunchScreen_Generation = YES;
				INFOPLIST_KEY_UISupportedInterfaceOrientations_iPad = "UIInterfaceOrientationPortrait UIInterfaceOrientationPortraitUpsideDown UIInterfaceOrientationLandscapeLeft UIInterfaceOrientationLandscapeRight";
				INFOPLIST_KEY_UISupportedInterfaceOrientations_iPhone = "UIInterfaceOrientationPortrait UIInterfaceOrientationLandscapeLeft UIInterfaceOrientationLandscapeRight";
				LD_RUNPATH_SEARCH_PATHS = (
					"$(inherited)",
					"@executable_path/Frameworks",
				);
				MARKETING_VERSION = 1.0;
				PRODUCT_BUNDLE_IDENTIFIER = com.arc.RecipeApp;
				PRODUCT_NAME = "$(TARGET_NAME)";
				SWIFT_EMIT_LOC_STRINGS = YES;
				SWIFT_VERSION = 5.0;
				TARGETED_DEVICE_FAMILY = "1,2";
			};
			name = Debug;
		};
		6AADC2022CB2E0AC00FEBEE7 /* Release */ = {
			isa = XCBuildConfiguration;
			buildSettings = {
				ASSETCATALOG_COMPILER_APPICON_NAME = AppIcon;
				ASSETCATALOG_COMPILER_GLOBAL_ACCENT_COLOR_NAME = AccentColor;
				CODE_SIGN_STYLE = Automatic;
				CURRENT_PROJECT_VERSION = 1;
				DEVELOPMENT_ASSET_PATHS = "\"RecipeApp/Preview Content\"";
				ENABLE_PREVIEWS = YES;
				GENERATE_INFOPLIST_FILE = YES;
				INFOPLIST_KEY_UIApplicationSceneManifest_Generation = YES;
				INFOPLIST_KEY_UIApplicationSupportsIndirectInputEvents = YES;
				INFOPLIST_KEY_UILaunchScreen_Generation = YES;
				INFOPLIST_KEY_UISupportedInterfaceOrientations_iPad = "UIInterfaceOrientationPortrait UIInterfaceOrientationPortraitUpsideDown UIInterfaceOrientationLandscapeLeft UIInterfaceOrientationLandscapeRight";
				INFOPLIST_KEY_UISupportedInterfaceOrientations_iPhone = "UIInterfaceOrientationPortrait UIInterfaceOrientationLandscapeLeft UIInterfaceOrientationLandscapeRight";
				LD_RUNPATH_SEARCH_PATHS = (
					"$(inherited)",
					"@executable_path/Frameworks",
				);
				MARKETING_VERSION = 1.0;
				PRODUCT_BUNDLE_IDENTIFIER = com.arc.RecipeApp;
				PRODUCT_NAME = "$(TARGET_NAME)";
				SWIFT_EMIT_LOC_STRINGS = YES;
				SWIFT_VERSION = 5.0;
				TARGETED_DEVICE_FAMILY = "1,2";
			};
			name = Release;
		};
		6AADC2042CB2E0AC00FEBEE7 /* Debug */ = {
			isa = XCBuildConfiguration;
			buildSettings = {
				ALWAYS_EMBED_SWIFT_STANDARD_LIBRARIES = YES;
				BUNDLE_LOADER = "$(TEST_HOST)";
				CODE_SIGN_STYLE = Automatic;
				CURRENT_PROJECT_VERSION = 1;
				GENERATE_INFOPLIST_FILE = YES;
				IPHONEOS_DEPLOYMENT_TARGET = 17.0;
				MARKETING_VERSION = 1.0;
				PRODUCT_BUNDLE_IDENTIFIER = com.arc.RecipeAppTests;
				PRODUCT_NAME = "$(TARGET_NAME)";
				SWIFT_EMIT_LOC_STRINGS = NO;
				SWIFT_VERSION = 5.0;
				TARGETED_DEVICE_FAMILY = "1,2";
				TEST_HOST = "$(BUILT_PRODUCTS_DIR)/RecipeApp.app/$(BUNDLE_EXECUTABLE_FOLDER_PATH)/RecipeApp";
			};
			name = Debug;
		};
		6AADC2052CB2E0AC00FEBEE7 /* Release */ = {
			isa = XCBuildConfiguration;
			buildSettings = {
				ALWAYS_EMBED_SWIFT_STANDARD_LIBRARIES = YES;
				BUNDLE_LOADER = "$(TEST_HOST)";
				CODE_SIGN_STYLE = Automatic;
				CURRENT_PROJECT_VERSION = 1;
				GENERATE_INFOPLIST_FILE = YES;
				IPHONEOS_DEPLOYMENT_TARGET = 17.0;
				MARKETING_VERSION = 1.0;
				PRODUCT_BUNDLE_IDENTIFIER = com.arc.RecipeAppTests;
				PRODUCT_NAME = "$(TARGET_NAME)";
				SWIFT_EMIT_LOC_STRINGS = NO;
				SWIFT_VERSION = 5.0;
				TARGETED_DEVICE_FAMILY = "1,2";
				TEST_HOST = "$(BUILT_PRODUCTS_DIR)/RecipeApp.app/$(BUNDLE_EXECUTABLE_FOLDER_PATH)/RecipeApp";
			};
			name = Release;
		};
		6AADC2072CB2E0AC00FEBEE7 /* Debug */ = {
			isa = XCBuildConfiguration;
			buildSettings = {
				ALWAYS_EMBED_SWIFT_STANDARD_LIBRARIES = YES;
				CODE_SIGN_STYLE = Automatic;
				CURRENT_PROJECT_VERSION = 1;
				GENERATE_INFOPLIST_FILE = YES;
				MARKETING_VERSION = 1.0;
				PRODUCT_BUNDLE_IDENTIFIER = com.arc.RecipeAppUITests;
				PRODUCT_NAME = "$(TARGET_NAME)";
				SWIFT_EMIT_LOC_STRINGS = NO;
				SWIFT_VERSION = 5.0;
				TARGETED_DEVICE_FAMILY = "1,2";
				TEST_TARGET_NAME = RecipeApp;
			};
			name = Debug;
		};
		6AADC2082CB2E0AC00FEBEE7 /* Release */ = {
			isa = XCBuildConfiguration;
			buildSettings = {
				ALWAYS_EMBED_SWIFT_STANDARD_LIBRARIES = YES;
				CODE_SIGN_STYLE = Automatic;
				CURRENT_PROJECT_VERSION = 1;
				GENERATE_INFOPLIST_FILE = YES;
				MARKETING_VERSION = 1.0;
				PRODUCT_BUNDLE_IDENTIFIER = com.arc.RecipeAppUITests;
				PRODUCT_NAME = "$(TARGET_NAME)";
				SWIFT_EMIT_LOC_STRINGS = NO;
				SWIFT_VERSION = 5.0;
				TARGETED_DEVICE_FAMILY = "1,2";
				TEST_TARGET_NAME = RecipeApp;
			};
			name = Release;
		};
/* End XCBuildConfiguration section */

/* Begin XCConfigurationList section */
		6AADC1D72CB2E0A900FEBEE7 /* Build configuration list for PBXProject "RecipeApp" */ = {
			isa = XCConfigurationList;
			buildConfigurations = (
				6AADC1FE2CB2E0AC00FEBEE7 /* Debug */,
				6AADC1FF2CB2E0AC00FEBEE7 /* Release */,
			);
			defaultConfigurationIsVisible = 0;
			defaultConfigurationName = Release;
		};
		6AADC2002CB2E0AC00FEBEE7 /* Build configuration list for PBXNativeTarget "RecipeApp" */ = {
			isa = XCConfigurationList;
			buildConfigurations = (
				6AADC2012CB2E0AC00FEBEE7 /* Debug */,
				6AADC2022CB2E0AC00FEBEE7 /* Release */,
			);
			defaultConfigurationIsVisible = 0;
			defaultConfigurationName = Release;
		};
		6AADC2032CB2E0AC00FEBEE7 /* Build configuration list for PBXNativeTarget "RecipeAppTests" */ = {
			isa = XCConfigurationList;
			buildConfigurations = (
				6AADC2042CB2E0AC00FEBEE7 /* Debug */,
				6AADC2052CB2E0AC00FEBEE7 /* Release */,
			);
			defaultConfigurationIsVisible = 0;
			defaultConfigurationName = Release;
		};
		6AADC2062CB2E0AC00FEBEE7 /* Build configuration list for PBXNativeTarget "RecipeAppUITests" */ = {
			isa = XCConfigurationList;
			buildConfigurations = (
				6AADC2072CB2E0AC00FEBEE7 /* Debug */,
				6AADC2082CB2E0AC00FEBEE7 /* Release */,
			);
			defaultConfigurationIsVisible = 0;
			defaultConfigurationName = Release;
		};
/* End XCConfigurationList section */
	};
	rootObject = 6AADC1D42CB2E0A900FEBEE7 /* Project object */;
}
